
Microsoft Visual Studio Solution File, Format Version 12.00
# Visual Studio Version 16
VisualStudioVersion = 16.0.30011.22
MinimumVisualStudioVersion = 10.0.40219.1
Project("{FAE04EC0-301F-11D3-BF4B-00C04F79EFBC}") = "ExHeranca", "ExHeranca\ExHeranca.csproj", "{5D9F215A-7F48-4443-9F3A-6CB8A5E028E2}"
EndProject
Global
	GlobalSection(SolutionConfigurationPlatforms) = preSolution
		Debug|Any CPU = Debug|Any CPU
		Release|Any CPU = Release|Any CPU
	EndGlobalSection
	GlobalSection(ProjectConfigurationPlatforms) = postSolution
		{5D9F215A-7F48-4443-9F3A-6CB8A5E028E2}.Debug|Any CPU.ActiveCfg = Debug|Any CPU
		{5D9F215A-7F48-4443-9F3A-6CB8A5E028E2}.Debug|Any CPU.Build.0 = Debug|Any CPU
		{5D9F215A-7F48-4443-9F3A-6CB8A5E028E2}.Release|Any CPU.ActiveCfg = Release|Any CPU
		{5D9F215A-7F48-4443-9F3A-6CB8A5E028E2}.Release|Any CPU.Build.0 = Release|Any CPU
	EndGlobalSection
	GlobalSection(SolutionProperties) = preSolution
		HideSolutionNode = FALSE
	EndGlobalSection
	GlobalSection(ExtensibilityGlobals) = postSolution
		SolutionGuid = {5BA3F8F3-9DDB-41A3-9483-B0DAD4427538}
	EndGlobalSection
EndGlobal
