
Microsoft Visual Studio Solution File, Format Version 12.00
# Visual Studio Version 16
VisualStudioVersion = 16.0.29920.165
MinimumVisualStudioVersion = 10.0.40219.1
Project("{FAE04EC0-301F-11D3-BF4B-00C04F79EFBC}") = "ContaBancaria", "ContaBancaria\ContaBancaria.csproj", "{0749FE4A-5099-4FCC-988A-B78ABA07F9E3}"
EndProject
Global
	GlobalSection(SolutionConfigurationPlatforms) = preSolution
		Debug|Any CPU = Debug|Any CPU
		Release|Any CPU = Release|Any CPU
	EndGlobalSection
	GlobalSection(ProjectConfigurationPlatforms) = postSolution
		{0749FE4A-5099-4FCC-988A-B78ABA07F9E3}.Debug|Any CPU.ActiveCfg = Debug|Any CPU
		{0749FE4A-5099-4FCC-988A-B78ABA07F9E3}.Debug|Any CPU.Build.0 = Debug|Any CPU
		{0749FE4A-5099-4FCC-988A-B78ABA07F9E3}.Release|Any CPU.ActiveCfg = Release|Any CPU
		{0749FE4A-5099-4FCC-988A-B78ABA07F9E3}.Release|Any CPU.Build.0 = Release|Any CPU
	EndGlobalSection
	GlobalSection(SolutionProperties) = preSolution
		HideSolutionNode = FALSE
	EndGlobalSection
	GlobalSection(ExtensibilityGlobals) = postSolution
		SolutionGuid = {62FAA0C4-791D-4A7B-957B-8BCB568D2A22}
	EndGlobalSection
EndGlobal
